
Microsoft Visual Studio Solution File, Format Version 9.00
# Visual C++ Express 2005
Project("{8BC9CEB8-8B4A-11D0-8D11-00A0C91BC942}") = "MinecraftClassicChat", "MinecraftClassicChat\MinecraftClassicChat.vcproj", "{B8ED4ECC-CA92-4C9A-96E1-77D467910FC0}"
EndProject
Global
	GlobalSection(SolutionConfigurationPlatforms) = preSolution
		Debug|Win32 = Debug|Win32
		Release|Win32 = Release|Win32
	EndGlobalSection
	GlobalSection(ProjectConfigurationPlatforms) = postSolution
		{B8ED4ECC-CA92-4C9A-96E1-77D467910FC0}.Debug|Win32.ActiveCfg = Debug|Win32
		{B8ED4ECC-CA92-4C9A-96E1-77D467910FC0}.Debug|Win32.Build.0 = Debug|Win32
		{B8ED4ECC-CA92-4C9A-96E1-77D467910FC0}.Release|Win32.ActiveCfg = Release|Win32
		{B8ED4ECC-CA92-4C9A-96E1-77D467910FC0}.Release|Win32.Build.0 = Release|Win32
	EndGlobalSection
	GlobalSection(SolutionProperties) = preSolution
		HideSolutionNode = FALSE
	EndGlobalSection
EndGlobal
